
Microsoft Visual Studio Solution File, Format Version 12.00
# Visual Studio 15
VisualStudioVersion = 15.0.27703.2000
MinimumVisualStudioVersion = 10.0.40219.1
Project("{FAE04EC0-301F-11D3-BF4B-00C04F79EFBC}") = "MailSender", "MailSender\MailSender.csproj", "{087E2AC3-42E1-45B2-90F9-BE14CD4E5500}"
EndProject
Project("{FAE04EC0-301F-11D3-BF4B-00C04F79EFBC}") = "MailSenderGUI", "MailSenderGUI\MailSenderGUI.csproj", "{3609B35F-7050-4547-A343-1D6A8EB4D922}"
EndProject
Project("{FAE04EC0-301F-11D3-BF4B-00C04F79EFBC}") = "SpamLib", "SpamLib\SpamLib.csproj", "{55EBDE0C-D1A3-4306-ADC4-8FA3B66980CF}"
EndProject
Global
	GlobalSection(SolutionConfigurationPlatforms) = preSolution
		Debug|Any CPU = Debug|Any CPU
		Release|Any CPU = Release|Any CPU
	EndGlobalSection
	GlobalSection(ProjectConfigurationPlatforms) = postSolution
		{087E2AC3-42E1-45B2-90F9-BE14CD4E5500}.Debug|Any CPU.ActiveCfg = Debug|Any CPU
		{087E2AC3-42E1-45B2-90F9-BE14CD4E5500}.Debug|Any CPU.Build.0 = Debug|Any CPU
		{087E2AC3-42E1-45B2-90F9-BE14CD4E5500}.Release|Any CPU.ActiveCfg = Release|Any CPU
		{087E2AC3-42E1-45B2-90F9-BE14CD4E5500}.Release|Any CPU.Build.0 = Release|Any CPU
		{3609B35F-7050-4547-A343-1D6A8EB4D922}.Debug|Any CPU.ActiveCfg = Debug|Any CPU
		{3609B35F-7050-4547-A343-1D6A8EB4D922}.Debug|Any CPU.Build.0 = Debug|Any CPU
		{3609B35F-7050-4547-A343-1D6A8EB4D922}.Release|Any CPU.ActiveCfg = Release|Any CPU
		{3609B35F-7050-4547-A343-1D6A8EB4D922}.Release|Any CPU.Build.0 = Release|Any CPU
		{55EBDE0C-D1A3-4306-ADC4-8FA3B66980CF}.Debug|Any CPU.ActiveCfg = Debug|Any CPU
		{55EBDE0C-D1A3-4306-ADC4-8FA3B66980CF}.Debug|Any CPU.Build.0 = Debug|Any CPU
		{55EBDE0C-D1A3-4306-ADC4-8FA3B66980CF}.Release|Any CPU.ActiveCfg = Release|Any CPU
		{55EBDE0C-D1A3-4306-ADC4-8FA3B66980CF}.Release|Any CPU.Build.0 = Release|Any CPU
	EndGlobalSection
	GlobalSection(SolutionProperties) = preSolution
		HideSolutionNode = FALSE
	EndGlobalSection
	GlobalSection(ExtensibilityGlobals) = postSolution
		SolutionGuid = {325CB7A8-55D7-4A77-9F52-172114C1AB31}
	EndGlobalSection
EndGlobal
